// !$*UTF8*$!
{
	archiveVersion = 1;
	classes = {
	};
	objectVersion = 46;
	objects = {

/* Begin PBXBuildFile section */
		9B0683FD1DA1A1AA00609AE5 /* StateManager.swift in Sources */ = {isa = PBXBuildFile; fileRef = 9B0683FC1DA1A1AA00609AE5 /* StateManager.swift */; };
		9B06AD131C11AD74000BC75C /* NSRect+PointHelpers.swift in Sources */ = {isa = PBXBuildFile; fileRef = 9B06AD121C11AD74000BC75C /* NSRect+PointHelpers.swift */; };
		9B06AD151C11AF03000BC75C /* NSView+Debugging.swift in Sources */ = {isa = PBXBuildFile; fileRef = 9B06AD141C11AF03000BC75C /* NSView+Debugging.swift */; };
		9B1CCDEB1D294E0900F319EB /* NSAttributedStringExtensions.swift in Sources */ = {isa = PBXBuildFile; fileRef = 9B1CCDEA1D294E0900F319EB /* NSAttributedStringExtensions.swift */; };
		9B1CD1C81E48D10B003F192B /* CanvasViewController+LinkCreation.swift in Sources */ = {isa = PBXBuildFile; fileRef = 9B1CD1C71E48D10B003F192B /* CanvasViewController+LinkCreation.swift */; };
		9B2471901EEB43BB00DC6BF2 /* RectAlignments.swift in Sources */ = {isa = PBXBuildFile; fileRef = 9B24718F1EEB43BB00DC6BF2 /* RectAlignments.swift */; };
		9B2F1DA01BE7CFE70090CC18 /* AppDelegate.swift in Sources */ = {isa = PBXBuildFile; fileRef = 9B2F1D9F1BE7CFE70090CC18 /* AppDelegate.swift */; };
		9B2F1DA21BE7CFE70090CC18 /* Document.swift in Sources */ = {isa = PBXBuildFile; fileRef = 9B2F1DA11BE7CFE70090CC18 /* Document.swift */; };
		9B2F1DA71BE7CFE70090CC18 /* Assets.xcassets in Resources */ = {isa = PBXBuildFile; fileRef = 9B2F1DA61BE7CFE70090CC18 /* Assets.xcassets */; };
		9B2FE8F31EB28F7C00DEEBA2 /* TextFieldResizeBehavior.swift in Sources */ = {isa = PBXBuildFile; fileRef = 9B2FE8F21EB28F7C00DEEBA2 /* TextFieldResizeBehavior.swift */; };
		9B33821F1D23D92F00D35086 /* NSAttributedStringExtensionsTest.swift in Sources */ = {isa = PBXBuildFile; fileRef = 9B33821E1D23D92F00D35086 /* NSAttributedStringExtensionsTest.swift */; };
		9B3941921E5656AF00F1E957 /* ViewModelProtocols.swift in Sources */ = {isa = PBXBuildFile; fileRef = 9B3941911E5656AF00F1E957 /* ViewModelProtocols.swift */; };
		9B3941941E5656FE00F1E957 /* DrawableConcept.swift in Sources */ = {isa = PBXBuildFile; fileRef = 9B3941931E5656FE00F1E957 /* DrawableConcept.swift */; };
		9B3941961E56572F00F1E957 /* DrawableLink.swift in Sources */ = {isa = PBXBuildFile; fileRef = 9B3941951E56572F00F1E957 /* DrawableLink.swift */; };
		9B3941981E5657A000F1E957 /* CanvasViewController+MouseEvents.swift in Sources */ = {isa = PBXBuildFile; fileRef = 9B3941971E5657A000F1E957 /* CanvasViewController+MouseEvents.swift */; };
		9B39419A1E5657D200F1E957 /* CanvasViewController+StateManagerDelegate.swift in Sources */ = {isa = PBXBuildFile; fileRef = 9B3941991E5657D200F1E957 /* CanvasViewController+StateManagerDelegate.swift */; };
		9B39419C1E56582900F1E957 /* CanvasViewController+TransitionActions.swift in Sources */ = {isa = PBXBuildFile; fileRef = 9B39419B1E56582900F1E957 /* CanvasViewController+TransitionActions.swift */; };
		9B39419E1E56586000F1E957 /* CanvasViewController+KeyboardEvents.swift in Sources */ = {isa = PBXBuildFile; fileRef = 9B39419D1E56586000F1E957 /* CanvasViewController+KeyboardEvents.swift */; };
		9B3941A01E5658C600F1E957 /* CanvasViewController+NSTextFieldDelegate.swift in Sources */ = {isa = PBXBuildFile; fileRef = 9B39419F1E5658C600F1E957 /* CanvasViewController+NSTextFieldDelegate.swift */; };
		9B3941A21E5658F500F1E957 /* CanvasViewController+CanvasViewDataSource.swift in Sources */ = {isa = PBXBuildFile; fileRef = 9B3941A11E5658F500F1E957 /* CanvasViewController+CanvasViewDataSource.swift */; };
		9B3941A41E56591900F1E957 /* CanvasViewController+DocumentObserver.swift in Sources */ = {isa = PBXBuildFile; fileRef = 9B3941A31E56591900F1E957 /* CanvasViewController+DocumentObserver.swift */; };
		9B3941A61E56594700F1E957 /* NSEvent-Extensions.swift in Sources */ = {isa = PBXBuildFile; fileRef = 9B3941A51E56594700F1E957 /* NSEvent-Extensions.swift */; };
		9B3941A81E56596000F1E957 /* NSResponder-Extensions.swift in Sources */ = {isa = PBXBuildFile; fileRef = 9B3941A71E56596000F1E957 /* NSResponder-Extensions.swift */; };
		9B43B8891EDC88AC00879507 /* CanvasViewControllerMouseTests.swift in Sources */ = {isa = PBXBuildFile; fileRef = 9B43B8881EDC88AC00879507 /* CanvasViewControllerMouseTests.swift */; };
		9B43B88B1EDC8B5D00879507 /* CanvasViewControllerKeyboardTests.swift in Sources */ = {isa = PBXBuildFile; fileRef = 9B43B88A1EDC8B5D00879507 /* CanvasViewControllerKeyboardTests.swift */; };
		9B48F8491CD614370014758D /* LinkedIdeasDocument.swift in Sources */ = {isa = PBXBuildFile; fileRef = 9B48F8481CD614370014758D /* LinkedIdeasDocument.swift */; };
		9B48F84D1CD614BC0014758D /* DocumentData.swift in Sources */ = {isa = PBXBuildFile; fileRef = 9B48F84C1CD614BC0014758D /* DocumentData.swift */; };
		9B4DE0A71F2BD7CE00F95AAF /* ColorUtils.swift in Sources */ = {isa = PBXBuildFile; fileRef = 9B4DE0A61F2BD7CE00F95AAF /* ColorUtils.swift */; };
		9B4DE0A81F2BD7FC00F95AAF /* ColorUtils.swift in Sources */ = {isa = PBXBuildFile; fileRef = 9B4DE0A61F2BD7CE00F95AAF /* ColorUtils.swift */; };
		9B521F871CFB380300A71598 /* SquareElement.swift in Sources */ = {isa = PBXBuildFile; fileRef = 9B521F861CFB380300A71598 /* SquareElement.swift */; };
		9B66961C1D08AF9F00CDE806 /* linked_ideas_doc_icon.icns in Resources */ = {isa = PBXBuildFile; fileRef = 9B66961B1D08AF9F00CDE806 /* linked_ideas_doc_icon.icns */; };
		9B8665C61D96C9E800799678 /* StateManagerTests.swift in Sources */ = {isa = PBXBuildFile; fileRef = 9B8665C51D96C9E800799678 /* StateManagerTests.swift */; };
		9B8AEF6F1EBBC8B100A58856 /* TextFieldResizeBehaviorTests.swift in Sources */ = {isa = PBXBuildFile; fileRef = 9B8AEF6E1EBBC8B100A58856 /* TextFieldResizeBehaviorTests.swift */; };
		9B8E90051E45F8FE00C819F7 /* CanvasViewController+DraggingActions.swift in Sources */ = {isa = PBXBuildFile; fileRef = 9B8E90041E45F8FE00C819F7 /* CanvasViewController+DraggingActions.swift */; };
		9B90227F1EE9FF9200C528AE /* CanvasViewController+AligmentFunctions.swift in Sources */ = {isa = PBXBuildFile; fileRef = 9B90227E1EE9FF9200C528AE /* CanvasViewController+AligmentFunctions.swift */; };
		9B956CE51C1B11C200CF20DA /* NSPoint+Utilities.swift in Sources */ = {isa = PBXBuildFile; fileRef = 9B956CE41C1B11C200CF20DA /* NSPoint+Utilities.swift */; };
		9B9A2EA41CF5EE5300607208 /* RectAlignmentsTests.swift in Sources */ = {isa = PBXBuildFile; fileRef = 9B9A2EA31CF5EE5300607208 /* RectAlignmentsTests.swift */; };
		9B9EC6BB1EC0E42C0048D2AC /* AreaManager.swift in Sources */ = {isa = PBXBuildFile; fileRef = 9B9EC6BA1EC0E42C0048D2AC /* AreaManager.swift */; };
		9B9EC6BD1EC0F2AB0048D2AC /* DrawableElement.swift in Sources */ = {isa = PBXBuildFile; fileRef = 9B9EC6BC1EC0F2AB0048D2AC /* DrawableElement.swift */; };
		9BA63D2E1D74C23100EBC3AD /* Main.storyboard in Resources */ = {isa = PBXBuildFile; fileRef = 9BA63D2C1D74C23100EBC3AD /* Main.storyboard */; };
		9BA63D301D74C31A00EBC3AD /* DocumentViewController.swift in Sources */ = {isa = PBXBuildFile; fileRef = 9BA63D2F1D74C31A00EBC3AD /* DocumentViewController.swift */; };
		9BA63D321D74C38400EBC3AD /* CanvasViewController.swift in Sources */ = {isa = PBXBuildFile; fileRef = 9BA63D311D74C38400EBC3AD /* CanvasViewController.swift */; };
		9BA63D351D74C47800EBC3AD /* CanvasView.swift in Sources */ = {isa = PBXBuildFile; fileRef = 9BA63D341D74C47800EBC3AD /* CanvasView.swift */; };
		9BABB2B21C07B7F7001EC9E0 /* Link.swift in Sources */ = {isa = PBXBuildFile; fileRef = 9BABB2B11C07B7F7001EC9E0 /* Link.swift */; };
		9BB677681ED47FB500B1AF83 /* CanvasViewController+NSPasteboard.swift in Sources */ = {isa = PBXBuildFile; fileRef = 9BB677671ED47FB500B1AF83 /* CanvasViewController+NSPasteboard.swift */; };
		9BB8FC831CA6B7D7008CD6A2 /* LinkTests.swift in Sources */ = {isa = PBXBuildFile; fileRef = 9BB8FC821CA6B7D7008CD6A2 /* LinkTests.swift */; };
		9BB8FC891CA6B889008CD6A2 /* Element.swift in Sources */ = {isa = PBXBuildFile; fileRef = 9BB8FC881CA6B889008CD6A2 /* Element.swift */; };
		9BC8587F1EC4F692003B3EFF /* CanvasViewController+MenuActions.swift in Sources */ = {isa = PBXBuildFile; fileRef = 9BC8587E1EC4F692003B3EFF /* CanvasViewController+MenuActions.swift */; };
		9BD0BD581D9B0BED0041F7ED /* TestProtocolConformance.swift in Sources */ = {isa = PBXBuildFile; fileRef = 9BD0BD571D9B0BED0041F7ED /* TestProtocolConformance.swift */; };
		9BD2BF351C7F8B1200E8A303 /* LineRange.swift in Sources */ = {isa = PBXBuildFile; fileRef = 9BD2BF341C7F8B1200E8A303 /* LineRange.swift */; };
		9BD2BF371C7F8B2300E8A303 /* Interceptable.swift in Sources */ = {isa = PBXBuildFile; fileRef = 9BD2BF361C7F8B2300E8A303 /* Interceptable.swift */; };
		9BD2BF391C7F8B4100E8A303 /* PointInterceptable.swift in Sources */ = {isa = PBXBuildFile; fileRef = 9BD2BF381C7F8B4100E8A303 /* PointInterceptable.swift */; };
		9BD2BF3B1C7F8B5500E8A303 /* Line.swift in Sources */ = {isa = PBXBuildFile; fileRef = 9BD2BF3A1C7F8B5500E8A303 /* Line.swift */; };
		9BD2BF3D1C7F8B6A00E8A303 /* FiniteLine.swift in Sources */ = {isa = PBXBuildFile; fileRef = 9BD2BF3C1C7F8B6A00E8A303 /* FiniteLine.swift */; };
		9BD2BF421C7F8C2000E8A303 /* Arrow.swift in Sources */ = {isa = PBXBuildFile; fileRef = 9BD2BF411C7F8C2000E8A303 /* Arrow.swift */; };
		9BD435861EBA645D008A1265 /* DocumentObserver.swift in Sources */ = {isa = PBXBuildFile; fileRef = 9BD435851EBA645D008A1265 /* DocumentObserver.swift */; };
		9BD850B31EE4C199005B89C9 /* GenerateThumbnailForURL.m in Sources */ = {isa = PBXBuildFile; fileRef = 9BD850B21EE4C199005B89C9 /* GenerateThumbnailForURL.m */; };
		9BD850B51EE4C199005B89C9 /* GeneratePreviewForURL.m in Sources */ = {isa = PBXBuildFile; fileRef = 9BD850B41EE4C199005B89C9 /* GeneratePreviewForURL.m */; };
		9BD850B71EE4C199005B89C9 /* main.c in Sources */ = {isa = PBXBuildFile; fileRef = 9BD850B61EE4C199005B89C9 /* main.c */; };
		9BD850BD1EE4C67E005B89C9 /* DocumentManager.swift in Sources */ = {isa = PBXBuildFile; fileRef = 9BD850BC1EE4C67E005B89C9 /* DocumentManager.swift */; };
		9BD850BE1EE4C733005B89C9 /* Document.swift in Sources */ = {isa = PBXBuildFile; fileRef = 9B2F1DA11BE7CFE70090CC18 /* Document.swift */; };
		9BD850BF1EE4C739005B89C9 /* DocumentData.swift in Sources */ = {isa = PBXBuildFile; fileRef = 9B48F84C1CD614BC0014758D /* DocumentData.swift */; };
		9BD850C01EE4C739005B89C9 /* Concept.swift in Sources */ = {isa = PBXBuildFile; fileRef = 9BDDE7381BEF9157000AAD44 /* Concept.swift */; };
		9BD850C11EE4C739005B89C9 /* Link.swift in Sources */ = {isa = PBXBuildFile; fileRef = 9BABB2B11C07B7F7001EC9E0 /* Link.swift */; };
		9BD850C21EE4C739005B89C9 /* AreaManager.swift in Sources */ = {isa = PBXBuildFile; fileRef = 9B9EC6BA1EC0E42C0048D2AC /* AreaManager.swift */; };
		9BD850C31EE4C73F005B89C9 /* Element.swift in Sources */ = {isa = PBXBuildFile; fileRef = 9BB8FC881CA6B889008CD6A2 /* Element.swift */; };
		9BD850C41EE4C73F005B89C9 /* LinkedIdeasDocument.swift in Sources */ = {isa = PBXBuildFile; fileRef = 9B48F8481CD614370014758D /* LinkedIdeasDocument.swift */; };
		9BD850C51EE4C73F005B89C9 /* SquareElement.swift in Sources */ = {isa = PBXBuildFile; fileRef = 9B521F861CFB380300A71598 /* SquareElement.swift */; };
		9BD850C61EE4C73F005B89C9 /* DocumentObserver.swift in Sources */ = {isa = PBXBuildFile; fileRef = 9BD435851EBA645D008A1265 /* DocumentObserver.swift */; };
		9BD850C71EE4C744005B89C9 /* TextFieldResizeBehavior.swift in Sources */ = {isa = PBXBuildFile; fileRef = 9B2FE8F21EB28F7C00DEEBA2 /* TextFieldResizeBehavior.swift */; };
		9BD850C81EE4C744005B89C9 /* ViewModelProtocols.swift in Sources */ = {isa = PBXBuildFile; fileRef = 9B3941911E5656AF00F1E957 /* ViewModelProtocols.swift */; };
		9BD850C91EE4C744005B89C9 /* DrawableElement.swift in Sources */ = {isa = PBXBuildFile; fileRef = 9B9EC6BC1EC0F2AB0048D2AC /* DrawableElement.swift */; };
		9BD850CA1EE4C744005B89C9 /* DrawableConcept.swift in Sources */ = {isa = PBXBuildFile; fileRef = 9B3941931E5656FE00F1E957 /* DrawableConcept.swift */; };
		9BD850CB1EE4C744005B89C9 /* DrawableLink.swift in Sources */ = {isa = PBXBuildFile; fileRef = 9B3941951E56572F00F1E957 /* DrawableLink.swift */; };
		9BD850CC1EE4C74F005B89C9 /* CanvasView.swift in Sources */ = {isa = PBXBuildFile; fileRef = 9BA63D341D74C47800EBC3AD /* CanvasView.swift */; };
		9BD850CD1EE4C753005B89C9 /* NSEvent-Extensions.swift in Sources */ = {isa = PBXBuildFile; fileRef = 9B3941A51E56594700F1E957 /* NSEvent-Extensions.swift */; };
		9BD850CE1EE4C753005B89C9 /* NSResponder-Extensions.swift in Sources */ = {isa = PBXBuildFile; fileRef = 9B3941A71E56596000F1E957 /* NSResponder-Extensions.swift */; };
		9BD850CF1EE4C76E005B89C9 /* NSView+Debugging.swift in Sources */ = {isa = PBXBuildFile; fileRef = 9B06AD141C11AF03000BC75C /* NSView+Debugging.swift */; };
		9BD850D01EE4C76E005B89C9 /* NSPoint+Utilities.swift in Sources */ = {isa = PBXBuildFile; fileRef = 9B956CE41C1B11C200CF20DA /* NSPoint+Utilities.swift */; };
		9BD850D11EE4C76E005B89C9 /* NSRect+PointHelpers.swift in Sources */ = {isa = PBXBuildFile; fileRef = 9B06AD121C11AD74000BC75C /* NSRect+PointHelpers.swift */; };
		9BD850D21EE4C76E005B89C9 /* LineRange.swift in Sources */ = {isa = PBXBuildFile; fileRef = 9BD2BF341C7F8B1200E8A303 /* LineRange.swift */; };
		9BD850D31EE4C76E005B89C9 /* PointInterceptable.swift in Sources */ = {isa = PBXBuildFile; fileRef = 9BD2BF381C7F8B4100E8A303 /* PointInterceptable.swift */; };
		9BD850D41EE4C76E005B89C9 /* Line.swift in Sources */ = {isa = PBXBuildFile; fileRef = 9BD2BF3A1C7F8B5500E8A303 /* Line.swift */; };
		9BD850D51EE4C76E005B89C9 /* FiniteLine.swift in Sources */ = {isa = PBXBuildFile; fileRef = 9BD2BF3C1C7F8B6A00E8A303 /* FiniteLine.swift */; };
		9BD850D61EE4C76E005B89C9 /* Interceptable.swift in Sources */ = {isa = PBXBuildFile; fileRef = 9BD2BF361C7F8B2300E8A303 /* Interceptable.swift */; };
		9BD850D71EE4C76E005B89C9 /* Arrow.swift in Sources */ = {isa = PBXBuildFile; fileRef = 9BD2BF411C7F8C2000E8A303 /* Arrow.swift */; };
		9BD850D91EE4C76E005B89C9 /* NSAttributedStringExtensions.swift in Sources */ = {isa = PBXBuildFile; fileRef = 9B1CCDEA1D294E0900F319EB /* NSAttributedStringExtensions.swift */; };
		9BD850DA1EE4C77E005B89C9 /* WindowController.swift in Sources */ = {isa = PBXBuildFile; fileRef = 9BF15C381CAC69A500C95041 /* WindowController.swift */; };
		9BD850DB1EE4C787005B89C9 /* CanvasViewController.swift in Sources */ = {isa = PBXBuildFile; fileRef = 9BA63D311D74C38400EBC3AD /* CanvasViewController.swift */; };
		9BD850DC1EE4C787005B89C9 /* StateManager.swift in Sources */ = {isa = PBXBuildFile; fileRef = 9B0683FC1DA1A1AA00609AE5 /* StateManager.swift */; };
		9BD850DD1EE4C787005B89C9 /* DocumentViewController.swift in Sources */ = {isa = PBXBuildFile; fileRef = 9BA63D2F1D74C31A00EBC3AD /* DocumentViewController.swift */; };
		9BD850DE1EE4C792005B89C9 /* CanvasViewController+DraggingActions.swift in Sources */ = {isa = PBXBuildFile; fileRef = 9B8E90041E45F8FE00C819F7 /* CanvasViewController+DraggingActions.swift */; };
		9BD850DF1EE4C792005B89C9 /* CanvasViewController+LinkCreation.swift in Sources */ = {isa = PBXBuildFile; fileRef = 9B1CD1C71E48D10B003F192B /* CanvasViewController+LinkCreation.swift */; };
		9BD850E01EE4C792005B89C9 /* CanvasViewController+MouseEvents.swift in Sources */ = {isa = PBXBuildFile; fileRef = 9B3941971E5657A000F1E957 /* CanvasViewController+MouseEvents.swift */; };
		9BD850E11EE4C792005B89C9 /* CanvasViewController+StateManagerDelegate.swift in Sources */ = {isa = PBXBuildFile; fileRef = 9B3941991E5657D200F1E957 /* CanvasViewController+StateManagerDelegate.swift */; };
		9BD850E21EE4C792005B89C9 /* CanvasViewController+TransitionActions.swift in Sources */ = {isa = PBXBuildFile; fileRef = 9B39419B1E56582900F1E957 /* CanvasViewController+TransitionActions.swift */; };
		9BD850E31EE4C792005B89C9 /* CanvasViewController+KeyboardEvents.swift in Sources */ = {isa = PBXBuildFile; fileRef = 9B39419D1E56586000F1E957 /* CanvasViewController+KeyboardEvents.swift */; };
		9BD850E41EE4C792005B89C9 /* CanvasViewController+NSTextFieldDelegate.swift in Sources */ = {isa = PBXBuildFile; fileRef = 9B39419F1E5658C600F1E957 /* CanvasViewController+NSTextFieldDelegate.swift */; };
		9BD850E51EE4C792005B89C9 /* CanvasViewController+CanvasViewDataSource.swift in Sources */ = {isa = PBXBuildFile; fileRef = 9B3941A11E5658F500F1E957 /* CanvasViewController+CanvasViewDataSource.swift */; };
		9BD850E61EE4C792005B89C9 /* CanvasViewController+DocumentObserver.swift in Sources */ = {isa = PBXBuildFile; fileRef = 9B3941A31E56591900F1E957 /* CanvasViewController+DocumentObserver.swift */; };
		9BD850E71EE4C792005B89C9 /* CanvasViewController+MenuActions.swift in Sources */ = {isa = PBXBuildFile; fileRef = 9BC8587E1EC4F692003B3EFF /* CanvasViewController+MenuActions.swift */; };
		9BD850E81EE4C792005B89C9 /* CanvasViewController+NSPasteboard.swift in Sources */ = {isa = PBXBuildFile; fileRef = 9BB677671ED47FB500B1AF83 /* CanvasViewController+NSPasteboard.swift */; };
		9BD850F01EE4CDE6005B89C9 /* QLLinkedIdeas.qlgenerator in Pack QuickLook Plugin */ = {isa = PBXBuildFile; fileRef = 9BD850B01EE4C199005B89C9 /* QLLinkedIdeas.qlgenerator */; settings = {ATTRIBUTES = (CodeSignOnCopy, RemoveHeadersOnCopy, ); }; };
		9BDDE7391BEF9157000AAD44 /* Concept.swift in Sources */ = {isa = PBXBuildFile; fileRef = 9BDDE7381BEF9157000AAD44 /* Concept.swift */; };
		9BE40C211D8DD98B0025F154 /* CanvasViewControllerTests.swift in Sources */ = {isa = PBXBuildFile; fileRef = 9BE40C201D8DD98B0025F154 /* CanvasViewControllerTests.swift */; };
		9BF15C391CAC69A500C95041 /* WindowController.swift in Sources */ = {isa = PBXBuildFile; fileRef = 9BF15C381CAC69A500C95041 /* WindowController.swift */; };
/* End PBXBuildFile section */

/* Begin PBXContainerItemProxy section */
		9B2F1DB11BE7CFE80090CC18 /* PBXContainerItemProxy */ = {
			isa = PBXContainerItemProxy;
			containerPortal = 9B2F1D941BE7CFE70090CC18 /* Project object */;
			proxyType = 1;
			remoteGlobalIDString = 9B2F1D9B1BE7CFE70090CC18;
			remoteInfo = LinkedIdeas;
		};
		9BD850ED1EE4CDC7005B89C9 /* PBXContainerItemProxy */ = {
			isa = PBXContainerItemProxy;
			containerPortal = 9B2F1D941BE7CFE70090CC18 /* Project object */;
			proxyType = 1;
			remoteGlobalIDString = 9BD850AF1EE4C199005B89C9;
			remoteInfo = QLLinkedIdeas;
		};
/* End PBXContainerItemProxy section */

/* Begin PBXCopyFilesBuildPhase section */
		9BD850EF1EE4CDDB005B89C9 /* Pack QuickLook Plugin */ = {
			isa = PBXCopyFilesBuildPhase;
			buildActionMask = 2147483647;
			dstPath = Contents/Library/QuickLook;
			dstSubfolderSpec = 1;
			files = (
				9BD850F01EE4CDE6005B89C9 /* QLLinkedIdeas.qlgenerator in Pack QuickLook Plugin */,
			);
			name = "Pack QuickLook Plugin";
			runOnlyForDeploymentPostprocessing = 0;
		};
/* End PBXCopyFilesBuildPhase section */

/* Begin PBXFileReference section */
		9B05541E1F1FAD2800B3F1E7 /* LinkedIdeas.entitlements */ = {isa = PBXFileReference; lastKnownFileType = text.plist.entitlements; path = LinkedIdeas.entitlements; sourceTree = "<group>"; };
		9B0683FC1DA1A1AA00609AE5 /* StateManager.swift */ = {isa = PBXFileReference; fileEncoding = 4; lastKnownFileType = sourcecode.swift; path = StateManager.swift; sourceTree = "<group>"; };
		9B06AD121C11AD74000BC75C /* NSRect+PointHelpers.swift */ = {isa = PBXFileReference; fileEncoding = 4; lastKnownFileType = sourcecode.swift; name = "NSRect+PointHelpers.swift"; path = "../NSRect+PointHelpers.swift"; sourceTree = "<group>"; };
		9B06AD141C11AF03000BC75C /* NSView+Debugging.swift */ = {isa = PBXFileReference; fileEncoding = 4; lastKnownFileType = sourcecode.swift; name = "NSView+Debugging.swift"; path = "../NSView+Debugging.swift"; sourceTree = "<group>"; };
		9B1CCDEA1D294E0900F319EB /* NSAttributedStringExtensions.swift */ = {isa = PBXFileReference; fileEncoding = 4; lastKnownFileType = sourcecode.swift; path = NSAttributedStringExtensions.swift; sourceTree = "<group>"; };
		9B1CD1C71E48D10B003F192B /* CanvasViewController+LinkCreation.swift */ = {isa = PBXFileReference; fileEncoding = 4; lastKnownFileType = sourcecode.swift; path = "CanvasViewController+LinkCreation.swift"; sourceTree = "<group>"; };
		9B24718F1EEB43BB00DC6BF2 /* RectAlignments.swift */ = {isa = PBXFileReference; fileEncoding = 4; lastKnownFileType = sourcecode.swift; path = RectAlignments.swift; sourceTree = "<group>"; };
		9B2F1D9C1BE7CFE70090CC18 /* LinkedIdeas.app */ = {isa = PBXFileReference; explicitFileType = wrapper.application; includeInIndex = 0; path = LinkedIdeas.app; sourceTree = BUILT_PRODUCTS_DIR; };
		9B2F1D9F1BE7CFE70090CC18 /* AppDelegate.swift */ = {isa = PBXFileReference; lastKnownFileType = sourcecode.swift; path = AppDelegate.swift; sourceTree = "<group>"; };
		9B2F1DA11BE7CFE70090CC18 /* Document.swift */ = {isa = PBXFileReference; lastKnownFileType = sourcecode.swift; path = Document.swift; sourceTree = "<group>"; };
		9B2F1DA61BE7CFE70090CC18 /* Assets.xcassets */ = {isa = PBXFileReference; lastKnownFileType = folder.assetcatalog; path = Assets.xcassets; sourceTree = "<group>"; };
		9B2F1DAB1BE7CFE80090CC18 /* Info.plist */ = {isa = PBXFileReference; lastKnownFileType = text.plist.xml; path = Info.plist; sourceTree = "<group>"; };
		9B2F1DB01BE7CFE80090CC18 /* LinkedIdeasTests.xctest */ = {isa = PBXFileReference; explicitFileType = wrapper.cfbundle; includeInIndex = 0; path = LinkedIdeasTests.xctest; sourceTree = BUILT_PRODUCTS_DIR; };
		9B2F1DB61BE7CFE80090CC18 /* Info.plist */ = {isa = PBXFileReference; lastKnownFileType = text.plist.xml; path = Info.plist; sourceTree = "<group>"; };
		9B2FE8F21EB28F7C00DEEBA2 /* TextFieldResizeBehavior.swift */ = {isa = PBXFileReference; fileEncoding = 4; lastKnownFileType = sourcecode.swift; path = TextFieldResizeBehavior.swift; sourceTree = "<group>"; };
		9B33821E1D23D92F00D35086 /* NSAttributedStringExtensionsTest.swift */ = {isa = PBXFileReference; fileEncoding = 4; lastKnownFileType = sourcecode.swift; path = NSAttributedStringExtensionsTest.swift; sourceTree = "<group>"; };
		9B3941911E5656AF00F1E957 /* ViewModelProtocols.swift */ = {isa = PBXFileReference; fileEncoding = 4; lastKnownFileType = sourcecode.swift; path = ViewModelProtocols.swift; sourceTree = "<group>"; };
		9B3941931E5656FE00F1E957 /* DrawableConcept.swift */ = {isa = PBXFileReference; fileEncoding = 4; lastKnownFileType = sourcecode.swift; path = DrawableConcept.swift; sourceTree = "<group>"; };
		9B3941951E56572F00F1E957 /* DrawableLink.swift */ = {isa = PBXFileReference; fileEncoding = 4; lastKnownFileType = sourcecode.swift; path = DrawableLink.swift; sourceTree = "<group>"; };
		9B3941971E5657A000F1E957 /* CanvasViewController+MouseEvents.swift */ = {isa = PBXFileReference; fileEncoding = 4; lastKnownFileType = sourcecode.swift; path = "CanvasViewController+MouseEvents.swift"; sourceTree = "<group>"; };
		9B3941991E5657D200F1E957 /* CanvasViewController+StateManagerDelegate.swift */ = {isa = PBXFileReference; fileEncoding = 4; lastKnownFileType = sourcecode.swift; path = "CanvasViewController+StateManagerDelegate.swift"; sourceTree = "<group>"; };
		9B39419B1E56582900F1E957 /* CanvasViewController+TransitionActions.swift */ = {isa = PBXFileReference; fileEncoding = 4; lastKnownFileType = sourcecode.swift; path = "CanvasViewController+TransitionActions.swift"; sourceTree = "<group>"; };
		9B39419D1E56586000F1E957 /* CanvasViewController+KeyboardEvents.swift */ = {isa = PBXFileReference; fileEncoding = 4; lastKnownFileType = sourcecode.swift; path = "CanvasViewController+KeyboardEvents.swift"; sourceTree = "<group>"; };
		9B39419F1E5658C600F1E957 /* CanvasViewController+NSTextFieldDelegate.swift */ = {isa = PBXFileReference; fileEncoding = 4; lastKnownFileType = sourcecode.swift; path = "CanvasViewController+NSTextFieldDelegate.swift"; sourceTree = "<group>"; };
		9B3941A11E5658F500F1E957 /* CanvasViewController+CanvasViewDataSource.swift */ = {isa = PBXFileReference; fileEncoding = 4; lastKnownFileType = sourcecode.swift; path = "CanvasViewController+CanvasViewDataSource.swift"; sourceTree = "<group>"; };
		9B3941A31E56591900F1E957 /* CanvasViewController+DocumentObserver.swift */ = {isa = PBXFileReference; fileEncoding = 4; lastKnownFileType = sourcecode.swift; path = "CanvasViewController+DocumentObserver.swift"; sourceTree = "<group>"; };
		9B3941A51E56594700F1E957 /* NSEvent-Extensions.swift */ = {isa = PBXFileReference; fileEncoding = 4; lastKnownFileType = sourcecode.swift; path = "NSEvent-Extensions.swift"; sourceTree = "<group>"; };
		9B3941A71E56596000F1E957 /* NSResponder-Extensions.swift */ = {isa = PBXFileReference; fileEncoding = 4; lastKnownFileType = sourcecode.swift; path = "NSResponder-Extensions.swift"; sourceTree = "<group>"; };
		9B43B8881EDC88AC00879507 /* CanvasViewControllerMouseTests.swift */ = {isa = PBXFileReference; fileEncoding = 4; lastKnownFileType = sourcecode.swift; path = CanvasViewControllerMouseTests.swift; sourceTree = "<group>"; };
		9B43B88A1EDC8B5D00879507 /* CanvasViewControllerKeyboardTests.swift */ = {isa = PBXFileReference; fileEncoding = 4; lastKnownFileType = sourcecode.swift; path = CanvasViewControllerKeyboardTests.swift; sourceTree = "<group>"; };
		9B48F8481CD614370014758D /* LinkedIdeasDocument.swift */ = {isa = PBXFileReference; fileEncoding = 4; lastKnownFileType = sourcecode.swift; path = LinkedIdeasDocument.swift; sourceTree = "<group>"; };
		9B48F84C1CD614BC0014758D /* DocumentData.swift */ = {isa = PBXFileReference; fileEncoding = 4; lastKnownFileType = sourcecode.swift; path = DocumentData.swift; sourceTree = "<group>"; };
		9B4DE0A61F2BD7CE00F95AAF /* ColorUtils.swift */ = {isa = PBXFileReference; lastKnownFileType = sourcecode.swift; path = ColorUtils.swift; sourceTree = "<group>"; };
		9B521F861CFB380300A71598 /* SquareElement.swift */ = {isa = PBXFileReference; fileEncoding = 4; lastKnownFileType = sourcecode.swift; path = SquareElement.swift; sourceTree = "<group>"; };
		9B66961B1D08AF9F00CDE806 /* linked_ideas_doc_icon.icns */ = {isa = PBXFileReference; lastKnownFileType = image.icns; path = linked_ideas_doc_icon.icns; sourceTree = "<group>"; };
		9B8665C51D96C9E800799678 /* StateManagerTests.swift */ = {isa = PBXFileReference; fileEncoding = 4; lastKnownFileType = sourcecode.swift; path = StateManagerTests.swift; sourceTree = "<group>"; };
		9B8AEF6E1EBBC8B100A58856 /* TextFieldResizeBehaviorTests.swift */ = {isa = PBXFileReference; fileEncoding = 4; lastKnownFileType = sourcecode.swift; name = TextFieldResizeBehaviorTests.swift; path = ../LinkedIdeas/TextFieldResizeBehaviorTests.swift; sourceTree = "<group>"; };
		9B8E90041E45F8FE00C819F7 /* CanvasViewController+DraggingActions.swift */ = {isa = PBXFileReference; fileEncoding = 4; lastKnownFileType = sourcecode.swift; lineEnding = 0; path = "CanvasViewController+DraggingActions.swift"; sourceTree = "<group>"; xcLanguageSpecificationIdentifier = xcode.lang.swift; };
		9B90227E1EE9FF9200C528AE /* CanvasViewController+AligmentFunctions.swift */ = {isa = PBXFileReference; fileEncoding = 4; lastKnownFileType = sourcecode.swift; path = "CanvasViewController+AligmentFunctions.swift"; sourceTree = "<group>"; };
		9B956CE41C1B11C200CF20DA /* NSPoint+Utilities.swift */ = {isa = PBXFileReference; fileEncoding = 4; lastKnownFileType = sourcecode.swift; path = "NSPoint+Utilities.swift"; sourceTree = "<group>"; };
		9B9A2EA31CF5EE5300607208 /* RectAlignmentsTests.swift */ = {isa = PBXFileReference; fileEncoding = 4; lastKnownFileType = sourcecode.swift; path = RectAlignmentsTests.swift; sourceTree = "<group>"; };
		9B9EC6BA1EC0E42C0048D2AC /* AreaManager.swift */ = {isa = PBXFileReference; fileEncoding = 4; lastKnownFileType = sourcecode.swift; path = AreaManager.swift; sourceTree = "<group>"; };
		9B9EC6BC1EC0F2AB0048D2AC /* DrawableElement.swift */ = {isa = PBXFileReference; fileEncoding = 4; lastKnownFileType = sourcecode.swift; path = DrawableElement.swift; sourceTree = "<group>"; };
		9BA63D2D1D74C23100EBC3AD /* Base */ = {isa = PBXFileReference; lastKnownFileType = file.storyboard; name = Base; path = Base.lproj/Main.storyboard; sourceTree = "<group>"; };
		9BA63D2F1D74C31A00EBC3AD /* DocumentViewController.swift */ = {isa = PBXFileReference; fileEncoding = 4; lastKnownFileType = sourcecode.swift; path = DocumentViewController.swift; sourceTree = "<group>"; };
		9BA63D311D74C38400EBC3AD /* CanvasViewController.swift */ = {isa = PBXFileReference; fileEncoding = 4; lastKnownFileType = sourcecode.swift; lineEnding = 0; path = CanvasViewController.swift; sourceTree = "<group>"; xcLanguageSpecificationIdentifier = xcode.lang.swift; };
		9BA63D341D74C47800EBC3AD /* CanvasView.swift */ = {isa = PBXFileReference; fileEncoding = 4; lastKnownFileType = sourcecode.swift; lineEnding = 0; path = CanvasView.swift; sourceTree = "<group>"; xcLanguageSpecificationIdentifier = xcode.lang.swift; };
		9BABB2B11C07B7F7001EC9E0 /* Link.swift */ = {isa = PBXFileReference; fileEncoding = 4; lastKnownFileType = sourcecode.swift; lineEnding = 0; path = Link.swift; sourceTree = "<group>"; xcLanguageSpecificationIdentifier = xcode.lang.swift; };
		9BB677671ED47FB500B1AF83 /* CanvasViewController+NSPasteboard.swift */ = {isa = PBXFileReference; fileEncoding = 4; lastKnownFileType = sourcecode.swift; path = "CanvasViewController+NSPasteboard.swift"; sourceTree = "<group>"; };
		9BB8FC821CA6B7D7008CD6A2 /* LinkTests.swift */ = {isa = PBXFileReference; fileEncoding = 4; lastKnownFileType = sourcecode.swift; path = LinkTests.swift; sourceTree = "<group>"; };
		9BB8FC881CA6B889008CD6A2 /* Element.swift */ = {isa = PBXFileReference; fileEncoding = 4; lastKnownFileType = sourcecode.swift; path = Element.swift; sourceTree = "<group>"; };
		9BC8587E1EC4F692003B3EFF /* CanvasViewController+MenuActions.swift */ = {isa = PBXFileReference; fileEncoding = 4; lastKnownFileType = sourcecode.swift; path = "CanvasViewController+MenuActions.swift"; sourceTree = "<group>"; };
		9BD0BD571D9B0BED0041F7ED /* TestProtocolConformance.swift */ = {isa = PBXFileReference; fileEncoding = 4; lastKnownFileType = sourcecode.swift; path = TestProtocolConformance.swift; sourceTree = "<group>"; };
		9BD2BF341C7F8B1200E8A303 /* LineRange.swift */ = {isa = PBXFileReference; fileEncoding = 4; lastKnownFileType = sourcecode.swift; path = LineRange.swift; sourceTree = "<group>"; };
		9BD2BF361C7F8B2300E8A303 /* Interceptable.swift */ = {isa = PBXFileReference; fileEncoding = 4; lastKnownFileType = sourcecode.swift; path = Interceptable.swift; sourceTree = "<group>"; };
		9BD2BF381C7F8B4100E8A303 /* PointInterceptable.swift */ = {isa = PBXFileReference; fileEncoding = 4; lastKnownFileType = sourcecode.swift; path = PointInterceptable.swift; sourceTree = "<group>"; };
		9BD2BF3A1C7F8B5500E8A303 /* Line.swift */ = {isa = PBXFileReference; fileEncoding = 4; lastKnownFileType = sourcecode.swift; lineEnding = 0; path = Line.swift; sourceTree = "<group>"; xcLanguageSpecificationIdentifier = xcode.lang.swift; };
		9BD2BF3C1C7F8B6A00E8A303 /* FiniteLine.swift */ = {isa = PBXFileReference; fileEncoding = 4; lastKnownFileType = sourcecode.swift; lineEnding = 0; path = FiniteLine.swift; sourceTree = "<group>"; xcLanguageSpecificationIdentifier = xcode.lang.swift; };
		9BD2BF411C7F8C2000E8A303 /* Arrow.swift */ = {isa = PBXFileReference; fileEncoding = 4; lastKnownFileType = sourcecode.swift; path = Arrow.swift; sourceTree = "<group>"; };
		9BD435851EBA645D008A1265 /* DocumentObserver.swift */ = {isa = PBXFileReference; fileEncoding = 4; lastKnownFileType = sourcecode.swift; path = DocumentObserver.swift; sourceTree = "<group>"; };
		9BD850B01EE4C199005B89C9 /* QLLinkedIdeas.qlgenerator */ = {isa = PBXFileReference; explicitFileType = wrapper.cfbundle; includeInIndex = 0; path = QLLinkedIdeas.qlgenerator; sourceTree = BUILT_PRODUCTS_DIR; };
		9BD850B21EE4C199005B89C9 /* GenerateThumbnailForURL.m */ = {isa = PBXFileReference; lastKnownFileType = sourcecode.c.objc; path = GenerateThumbnailForURL.m; sourceTree = "<group>"; };
		9BD850B41EE4C199005B89C9 /* GeneratePreviewForURL.m */ = {isa = PBXFileReference; lastKnownFileType = sourcecode.c.objc; path = GeneratePreviewForURL.m; sourceTree = "<group>"; };
		9BD850B61EE4C199005B89C9 /* main.c */ = {isa = PBXFileReference; lastKnownFileType = sourcecode.c.c; path = main.c; sourceTree = "<group>"; };
		9BD850B81EE4C199005B89C9 /* Info.plist */ = {isa = PBXFileReference; lastKnownFileType = text.plist.xml; path = Info.plist; sourceTree = "<group>"; };
		9BD850BC1EE4C67E005B89C9 /* DocumentManager.swift */ = {isa = PBXFileReference; fileEncoding = 4; lastKnownFileType = sourcecode.swift; path = DocumentManager.swift; sourceTree = "<group>"; };
		9BDDE7381BEF9157000AAD44 /* Concept.swift */ = {isa = PBXFileReference; fileEncoding = 4; lastKnownFileType = sourcecode.swift; path = Concept.swift; sourceTree = "<group>"; };
		9BE40C201D8DD98B0025F154 /* CanvasViewControllerTests.swift */ = {isa = PBXFileReference; fileEncoding = 4; lastKnownFileType = sourcecode.swift; path = CanvasViewControllerTests.swift; sourceTree = "<group>"; };
		9BF15C381CAC69A500C95041 /* WindowController.swift */ = {isa = PBXFileReference; fileEncoding = 4; lastKnownFileType = sourcecode.swift; path = WindowController.swift; sourceTree = "<group>"; };
		9BF456E21F16E8B800E1CDD3 /* LICENSE */ = {isa = PBXFileReference; lastKnownFileType = text; path = LICENSE; sourceTree = "<group>"; };
		9BF456E31F16E8BC00E1CDD3 /* README.md */ = {isa = PBXFileReference; lastKnownFileType = net.daringfireball.markdown; path = README.md; sourceTree = "<group>"; };
		9BF456E41F16E8BF00E1CDD3 /* PR.md */ = {isa = PBXFileReference; lastKnownFileType = net.daringfireball.markdown; path = PR.md; sourceTree = "<group>"; };
/* End PBXFileReference section */

/* Begin PBXFrameworksBuildPhase section */
		9B2F1D991BE7CFE70090CC18 /* Frameworks */ = {
			isa = PBXFrameworksBuildPhase;
			buildActionMask = 2147483647;
			files = (
			);
			runOnlyForDeploymentPostprocessing = 0;
		};
		9B2F1DAD1BE7CFE80090CC18 /* Frameworks */ = {
			isa = PBXFrameworksBuildPhase;
			buildActionMask = 2147483647;
			files = (
			);
			runOnlyForDeploymentPostprocessing = 0;
		};
		9BD850AC1EE4C199005B89C9 /* Frameworks */ = {
			isa = PBXFrameworksBuildPhase;
			buildActionMask = 2147483647;
			files = (
			);
			runOnlyForDeploymentPostprocessing = 0;
		};
/* End PBXFrameworksBuildPhase section */

/* Begin PBXGroup section */
		9B2F1D931BE7CFE70090CC18 = {
			isa = PBXGroup;
			children = (
				9B66961B1D08AF9F00CDE806 /* linked_ideas_doc_icon.icns */,
				9BF456E21F16E8B800E1CDD3 /* LICENSE */,
				9BF456E41F16E8BF00E1CDD3 /* PR.md */,
				9BF456E31F16E8BC00E1CDD3 /* README.md */,
				9B2F1D9E1BE7CFE70090CC18 /* LinkedIdeas */,
				9B2F1DB31BE7CFE80090CC18 /* LinkedIdeasTests */,
				9BD850B11EE4C199005B89C9 /* QLLinkedIdeas */,
				9B2F1D9D1BE7CFE70090CC18 /* Products */,
				9B40CA0D1D1E960800D5EDDD /* Frameworks */,
			);
			sourceTree = "<group>";
		};
		9B2F1D9D1BE7CFE70090CC18 /* Products */ = {
			isa = PBXGroup;
			children = (
				9B2F1D9C1BE7CFE70090CC18 /* LinkedIdeas.app */,
				9B2F1DB01BE7CFE80090CC18 /* LinkedIdeasTests.xctest */,
				9BD850B01EE4C199005B89C9 /* QLLinkedIdeas.qlgenerator */,
			);
			name = Products;
			sourceTree = "<group>";
		};
		9B2F1D9E1BE7CFE70090CC18 /* LinkedIdeas */ = {
			isa = PBXGroup;
			children = (
				9B05541E1F1FAD2800B3F1E7 /* LinkedIdeas.entitlements */,
				9B2F1DAB1BE7CFE80090CC18 /* Info.plist */,
				9BA63D2C1D74C23100EBC3AD /* Main.storyboard */,
				9B2F1DA61BE7CFE70090CC18 /* Assets.xcassets */,
				9B2F1D9F1BE7CFE70090CC18 /* AppDelegate.swift */,
				9BA63D331D74C45100EBC3AD /* UI */,
				9B3941901E5656A100F1E957 /* ViewModels */,
				9BCA09E31C9217A900637F6D /* Models */,
				9B6E97E81EB5062B00D4EF86 /* Utilities */,
			);
			path = LinkedIdeas;
			sourceTree = "<group>";
		};
		9B2F1DB31BE7CFE80090CC18 /* LinkedIdeasTests */ = {
			isa = PBXGroup;
			children = (
				9BB8FC801CA6B7B0008CD6A2 /* Models */,
				9B43B8871EDC888900879507 /* ViewControllers */,
				9B8665C51D96C9E800799678 /* StateManagerTests.swift */,
				9BD0BD571D9B0BED0041F7ED /* TestProtocolConformance.swift */,
				9B2F1DB61BE7CFE80090CC18 /* Info.plist */,
				9B9A2EA31CF5EE5300607208 /* RectAlignmentsTests.swift */,
			);
			path = LinkedIdeasTests;
			sourceTree = "<group>";
		};
		9B3941901E5656A100F1E957 /* ViewModels */ = {
			isa = PBXGroup;
			children = (
				9B2FE8F21EB28F7C00DEEBA2 /* TextFieldResizeBehavior.swift */,
				9B3941911E5656AF00F1E957 /* ViewModelProtocols.swift */,
				9B9EC6BC1EC0F2AB0048D2AC /* DrawableElement.swift */,
				9B3941931E5656FE00F1E957 /* DrawableConcept.swift */,
				9B3941951E56572F00F1E957 /* DrawableLink.swift */,
			);
			name = ViewModels;
			sourceTree = "<group>";
		};
		9B40CA0D1D1E960800D5EDDD /* Frameworks */ = {
			isa = PBXGroup;
			children = (
			);
			name = Frameworks;
			sourceTree = "<group>";
		};
		9B43B8871EDC888900879507 /* ViewControllers */ = {
			isa = PBXGroup;
			children = (
				9BE40C201D8DD98B0025F154 /* CanvasViewControllerTests.swift */,
				9B43B88A1EDC8B5D00879507 /* CanvasViewControllerKeyboardTests.swift */,
				9B43B8881EDC88AC00879507 /* CanvasViewControllerMouseTests.swift */,
			);
			name = ViewControllers;
			sourceTree = "<group>";
		};
		9B48F84A1CD614460014758D /* Protocols */ = {
			isa = PBXGroup;
			children = (
				9BB8FC881CA6B889008CD6A2 /* Element.swift */,
				9B48F8481CD614370014758D /* LinkedIdeasDocument.swift */,
				9B521F861CFB380300A71598 /* SquareElement.swift */,
				9BD435851EBA645D008A1265 /* DocumentObserver.swift */,
			);
			name = Protocols;
			sourceTree = "<group>";
		};
		9B6E97E81EB5062B00D4EF86 /* Utilities */ = {
			isa = PBXGroup;
			children = (
				9BD2BF3E1C7F8B8D00E8A303 /* 2DMath */,
				9B1CCDEA1D294E0900F319EB /* NSAttributedStringExtensions.swift */,
				9B24718F1EEB43BB00DC6BF2 /* RectAlignments.swift */,
				9B4DE0A61F2BD7CE00F95AAF /* ColorUtils.swift */,
			);
			name = Utilities;
			sourceTree = "<group>";
		};
		9B6E97E91EB5067B00D4EF86 /* Extensions */ = {
			isa = PBXGroup;
			children = (
				9B3941A51E56594700F1E957 /* NSEvent-Extensions.swift */,
				9B3941A71E56596000F1E957 /* NSResponder-Extensions.swift */,
			);
			name = Extensions;
			sourceTree = "<group>";
		};
		9B8E90061E462AB900C819F7 /* CanvasViewControllerExtensions */ = {
			isa = PBXGroup;
			children = (
				9B8E90041E45F8FE00C819F7 /* CanvasViewController+DraggingActions.swift */,
				9B1CD1C71E48D10B003F192B /* CanvasViewController+LinkCreation.swift */,
				9B3941971E5657A000F1E957 /* CanvasViewController+MouseEvents.swift */,
				9B3941991E5657D200F1E957 /* CanvasViewController+StateManagerDelegate.swift */,
				9B39419B1E56582900F1E957 /* CanvasViewController+TransitionActions.swift */,
				9B39419D1E56586000F1E957 /* CanvasViewController+KeyboardEvents.swift */,
				9B39419F1E5658C600F1E957 /* CanvasViewController+NSTextFieldDelegate.swift */,
				9B3941A11E5658F500F1E957 /* CanvasViewController+CanvasViewDataSource.swift */,
				9B3941A31E56591900F1E957 /* CanvasViewController+DocumentObserver.swift */,
				9BC8587E1EC4F692003B3EFF /* CanvasViewController+MenuActions.swift */,
				9BB677671ED47FB500B1AF83 /* CanvasViewController+NSPasteboard.swift */,
				9B90227E1EE9FF9200C528AE /* CanvasViewController+AligmentFunctions.swift */,
			);
			name = CanvasViewControllerExtensions;
			sourceTree = "<group>";
		};
		9BA63D331D74C45100EBC3AD /* UI */ = {
			isa = PBXGroup;
			children = (
				9B6E97E91EB5067B00D4EF86 /* Extensions */,
				9B8E90061E462AB900C819F7 /* CanvasViewControllerExtensions */,
				9BA63D311D74C38400EBC3AD /* CanvasViewController.swift */,
				9BA63D341D74C47800EBC3AD /* CanvasView.swift */,
				9B0683FC1DA1A1AA00609AE5 /* StateManager.swift */,
				9BF15C381CAC69A500C95041 /* WindowController.swift */,
				9BA63D2F1D74C31A00EBC3AD /* DocumentViewController.swift */,
			);
			name = UI;
			sourceTree = "<group>";
		};
		9BB8FC801CA6B7B0008CD6A2 /* Models */ = {
			isa = PBXGroup;
			children = (
				9B8AEF6E1EBBC8B100A58856 /* TextFieldResizeBehaviorTests.swift */,
				9BB8FC821CA6B7D7008CD6A2 /* LinkTests.swift */,
				9B33821E1D23D92F00D35086 /* NSAttributedStringExtensionsTest.swift */,
			);
			name = Models;
			sourceTree = "<group>";
		};
		9BCA09E31C9217A900637F6D /* Models */ = {
			isa = PBXGroup;
			children = (
				9B48F84A1CD614460014758D /* Protocols */,
				9B2F1DA11BE7CFE70090CC18 /* Document.swift */,
				9B48F84C1CD614BC0014758D /* DocumentData.swift */,
				9BDDE7381BEF9157000AAD44 /* Concept.swift */,
				9BABB2B11C07B7F7001EC9E0 /* Link.swift */,
				9B9EC6BA1EC0E42C0048D2AC /* AreaManager.swift */,
			);
			name = Models;
			sourceTree = "<group>";
		};
		9BD2BF3E1C7F8B8D00E8A303 /* 2DMath */ = {
			isa = PBXGroup;
			children = (
				9B06AD141C11AF03000BC75C /* NSView+Debugging.swift */,
				9B956CE41C1B11C200CF20DA /* NSPoint+Utilities.swift */,
				9B06AD121C11AD74000BC75C /* NSRect+PointHelpers.swift */,
				9BD2BF341C7F8B1200E8A303 /* LineRange.swift */,
				9BD2BF381C7F8B4100E8A303 /* PointInterceptable.swift */,
				9BD2BF3A1C7F8B5500E8A303 /* Line.swift */,
				9BD2BF3C1C7F8B6A00E8A303 /* FiniteLine.swift */,
				9BD2BF361C7F8B2300E8A303 /* Interceptable.swift */,
				9BD2BF411C7F8C2000E8A303 /* Arrow.swift */,
			);
			name = 2DMath;
			sourceTree = "<group>";
		};
		9BD850B11EE4C199005B89C9 /* QLLinkedIdeas */ = {
			isa = PBXGroup;
			children = (
				9BD850B21EE4C199005B89C9 /* GenerateThumbnailForURL.m */,
				9BD850B41EE4C199005B89C9 /* GeneratePreviewForURL.m */,
				9BD850B61EE4C199005B89C9 /* main.c */,
				9BD850BC1EE4C67E005B89C9 /* DocumentManager.swift */,
				9BD850B81EE4C199005B89C9 /* Info.plist */,
			);
			path = QLLinkedIdeas;
			sourceTree = "<group>";
		};
/* End PBXGroup section */

/* Begin PBXHeadersBuildPhase section */
		9BD850AD1EE4C199005B89C9 /* Headers */ = {
			isa = PBXHeadersBuildPhase;
			buildActionMask = 2147483647;
			files = (
			);
			runOnlyForDeploymentPostprocessing = 0;
		};
/* End PBXHeadersBuildPhase section */

/* Begin PBXNativeTarget section */
		9B2F1D9B1BE7CFE70090CC18 /* LinkedIdeas */ = {
			isa = PBXNativeTarget;
			buildConfigurationList = 9B2F1DC41BE7CFE80090CC18 /* Build configuration list for PBXNativeTarget "LinkedIdeas" */;
			buildPhases = (
				9B2F1D981BE7CFE70090CC18 /* Sources */,
				9B2F1D991BE7CFE70090CC18 /* Frameworks */,
				9B2F1D9A1BE7CFE70090CC18 /* Resources */,
				9B39418E1E56475F00F1E957 /* Run Swift Lint */,
				9BD850EF1EE4CDDB005B89C9 /* Pack QuickLook Plugin */,
				9B08F08E1EE7194E005658F4 /* Increment Build */,
			);
			buildRules = (
			);
			dependencies = (
				9BD850EE1EE4CDC7005B89C9 /* PBXTargetDependency */,
			);
			name = LinkedIdeas;
			productName = LinkedIdeas;
			productReference = 9B2F1D9C1BE7CFE70090CC18 /* LinkedIdeas.app */;
			productType = "com.apple.product-type.application";
		};
		9B2F1DAF1BE7CFE80090CC18 /* LinkedIdeasTests */ = {
			isa = PBXNativeTarget;
			buildConfigurationList = 9B2F1DC71BE7CFE80090CC18 /* Build configuration list for PBXNativeTarget "LinkedIdeasTests" */;
			buildPhases = (
				9B2F1DAC1BE7CFE80090CC18 /* Sources */,
				9B2F1DAD1BE7CFE80090CC18 /* Frameworks */,
				9B2F1DAE1BE7CFE80090CC18 /* Resources */,
				9B39418F1E56477100F1E957 /* ShellScript */,
			);
			buildRules = (
			);
			dependencies = (
				9B2F1DB21BE7CFE80090CC18 /* PBXTargetDependency */,
			);
			name = LinkedIdeasTests;
			productName = LinkedIdeasTests;
			productReference = 9B2F1DB01BE7CFE80090CC18 /* LinkedIdeasTests.xctest */;
			productType = "com.apple.product-type.bundle.unit-test";
		};
		9BD850AF1EE4C199005B89C9 /* QLLinkedIdeas */ = {
			isa = PBXNativeTarget;
			buildConfigurationList = 9BD850BB1EE4C199005B89C9 /* Build configuration list for PBXNativeTarget "QLLinkedIdeas" */;
			buildPhases = (
				9BD850AB1EE4C199005B89C9 /* Sources */,
				9BD850AC1EE4C199005B89C9 /* Frameworks */,
				9BD850AD1EE4C199005B89C9 /* Headers */,
				9BD850AE1EE4C199005B89C9 /* Resources */,
			);
			buildRules = (
			);
			dependencies = (
			);
			name = QLLinkedIdeas;
			productName = QLLinkedIdeas;
			productReference = 9BD850B01EE4C199005B89C9 /* QLLinkedIdeas.qlgenerator */;
			productType = "com.apple.product-type.bundle";
		};
/* End PBXNativeTarget section */

/* Begin PBXProject section */
		9B2F1D941BE7CFE70090CC18 /* Project object */ = {
			isa = PBXProject;
			attributes = {
				LastSwiftUpdateCheck = 0720;
				LastUpgradeCheck = 0900;
				ORGANIZATIONNAME = "Felipe Espinoza Dev";
				TargetAttributes = {
					9B2F1D9B1BE7CFE70090CC18 = {
						CreatedOnToolsVersion = 7.1;
						DevelopmentTeam = 4E6CZX3H5W;
						LastSwiftMigration = 0900;
						ProvisioningStyle = Automatic;
						SystemCapabilities = {
							com.apple.iCloud = {
								enabled = 1;
							};
						};
					};
					9B2F1DAF1BE7CFE80090CC18 = {
						CreatedOnToolsVersion = 7.1;
						LastSwiftMigration = 0900;
						TestTargetID = 9B2F1D9B1BE7CFE70090CC18;
					};
					9BD850AF1EE4C199005B89C9 = {
						CreatedOnToolsVersion = 8.2.1;
						DevelopmentTeam = 2Z7R9FQBNN;
						LastSwiftMigration = 0900;
						ProvisioningStyle = Automatic;
					};
				};
			};
			buildConfigurationList = 9B2F1D971BE7CFE70090CC18 /* Build configuration list for PBXProject "LinkedIdeas" */;
			compatibilityVersion = "Xcode 3.2";
			developmentRegion = English;
			hasScannedForEncodings = 0;
			knownRegions = (
				en,
				Base,
			);
			mainGroup = 9B2F1D931BE7CFE70090CC18;
			productRefGroup = 9B2F1D9D1BE7CFE70090CC18 /* Products */;
			projectDirPath = "";
			projectRoot = "";
			targets = (
				9B2F1D9B1BE7CFE70090CC18 /* LinkedIdeas */,
				9B2F1DAF1BE7CFE80090CC18 /* LinkedIdeasTests */,
				9BD850AF1EE4C199005B89C9 /* QLLinkedIdeas */,
			);
		};
/* End PBXProject section */

/* Begin PBXResourcesBuildPhase section */
		9B2F1D9A1BE7CFE70090CC18 /* Resources */ = {
			isa = PBXResourcesBuildPhase;
			buildActionMask = 2147483647;
			files = (
				9B2F1DA71BE7CFE70090CC18 /* Assets.xcassets in Resources */,
				9BA63D2E1D74C23100EBC3AD /* Main.storyboard in Resources */,
				9B66961C1D08AF9F00CDE806 /* linked_ideas_doc_icon.icns in Resources */,
			);
			runOnlyForDeploymentPostprocessing = 0;
		};
		9B2F1DAE1BE7CFE80090CC18 /* Resources */ = {
			isa = PBXResourcesBuildPhase;
			buildActionMask = 2147483647;
			files = (
			);
			runOnlyForDeploymentPostprocessing = 0;
		};
		9BD850AE1EE4C199005B89C9 /* Resources */ = {
			isa = PBXResourcesBuildPhase;
			buildActionMask = 2147483647;
			files = (
			);
			runOnlyForDeploymentPostprocessing = 0;
		};
/* End PBXResourcesBuildPhase section */

/* Begin PBXShellScriptBuildPhase section */
		9B08F08E1EE7194E005658F4 /* Increment Build */ = {
			isa = PBXShellScriptBuildPhase;
			buildActionMask = 8;
			files = (
			);
			inputPaths = (
			);
			name = "Increment Build";
			outputPaths = (
			);
			runOnlyForDeploymentPostprocessing = 1;
			shellPath = /bin/sh;
			shellScript = "buildNumber=$(/usr/libexec/PlistBuddy -c \"Print CFBundleVersion\" \"${PROJECT_DIR}/${INFOPLIST_FILE}\")\nbuildNumber=$(($buildNumber + 1))\n/usr/libexec/PlistBuddy -c \"Set :CFBundleVersion $buildNumber\" \"${PROJECT_DIR}/${INFOPLIST_FILE}\"";
			showEnvVarsInLog = 0;
		};
		9B39418E1E56475F00F1E957 /* Run Swift Lint */ = {
			isa = PBXShellScriptBuildPhase;
			buildActionMask = 2147483647;
			files = (
			);
			inputPaths = (
			);
			name = "Run Swift Lint";
			outputPaths = (
			);
			runOnlyForDeploymentPostprocessing = 0;
			shellPath = /bin/sh;
			shellScript = "if which swiftlint >/dev/null; then\n    swiftlint\nelse\n    echo \"warning: SwiftLint not installed, download from https://github.com/realm/SwiftLint\"\nfi";
		};
		9B39418F1E56477100F1E957 /* ShellScript */ = {
			isa = PBXShellScriptBuildPhase;
			buildActionMask = 2147483647;
			files = (
			);
			inputPaths = (
			);
			outputPaths = (
			);
			runOnlyForDeploymentPostprocessing = 0;
			shellPath = /bin/sh;
			shellScript = "if which swiftlint >/dev/null; then\n    swiftlint\nelse\n    echo \"warning: SwiftLint not installed, download from https://github.com/realm/SwiftLint\"\nfi";
		};
/* End PBXShellScriptBuildPhase section */

/* Begin PBXSourcesBuildPhase section */
		9B2F1D981BE7CFE70090CC18 /* Sources */ = {
			isa = PBXSourcesBuildPhase;
			buildActionMask = 2147483647;
			files = (
				9BA63D301D74C31A00EBC3AD /* DocumentViewController.swift in Sources */,
				9BABB2B21C07B7F7001EC9E0 /* Link.swift in Sources */,
				9B2F1DA21BE7CFE70090CC18 /* Document.swift in Sources */,
				9BC8587F1EC4F692003B3EFF /* CanvasViewController+MenuActions.swift in Sources */,
				9B90227F1EE9FF9200C528AE /* CanvasViewController+AligmentFunctions.swift in Sources */,
				9B39419C1E56582900F1E957 /* CanvasViewController+TransitionActions.swift in Sources */,
				9B3941A01E5658C600F1E957 /* CanvasViewController+NSTextFieldDelegate.swift in Sources */,
				9B3941A61E56594700F1E957 /* NSEvent-Extensions.swift in Sources */,
				9B3941981E5657A000F1E957 /* CanvasViewController+MouseEvents.swift in Sources */,
				9B3941921E5656AF00F1E957 /* ViewModelProtocols.swift in Sources */,
				9B39419E1E56586000F1E957 /* CanvasViewController+KeyboardEvents.swift in Sources */,
				9B521F871CFB380300A71598 /* SquareElement.swift in Sources */,
				9B956CE51C1B11C200CF20DA /* NSPoint+Utilities.swift in Sources */,
				9B0683FD1DA1A1AA00609AE5 /* StateManager.swift in Sources */,
				9BB677681ED47FB500B1AF83 /* CanvasViewController+NSPasteboard.swift in Sources */,
				9B06AD151C11AF03000BC75C /* NSView+Debugging.swift in Sources */,
				9BD2BF3D1C7F8B6A00E8A303 /* FiniteLine.swift in Sources */,
				9B9EC6BB1EC0E42C0048D2AC /* AreaManager.swift in Sources */,
				9B2F1DA01BE7CFE70090CC18 /* AppDelegate.swift in Sources */,
				9B06AD131C11AD74000BC75C /* NSRect+PointHelpers.swift in Sources */,
				9BD2BF421C7F8C2000E8A303 /* Arrow.swift in Sources */,
				9B4DE0A71F2BD7CE00F95AAF /* ColorUtils.swift in Sources */,
				9BD2BF371C7F8B2300E8A303 /* Interceptable.swift in Sources */,
				9B9EC6BD1EC0F2AB0048D2AC /* DrawableElement.swift in Sources */,
				9B48F84D1CD614BC0014758D /* DocumentData.swift in Sources */,
				9B3941961E56572F00F1E957 /* DrawableLink.swift in Sources */,
				9B1CD1C81E48D10B003F192B /* CanvasViewController+LinkCreation.swift in Sources */,
				9B48F8491CD614370014758D /* LinkedIdeasDocument.swift in Sources */,
				9BD2BF391C7F8B4100E8A303 /* PointInterceptable.swift in Sources */,
				9BD435861EBA645D008A1265 /* DocumentObserver.swift in Sources */,
				9B8E90051E45F8FE00C819F7 /* CanvasViewController+DraggingActions.swift in Sources */,
				9BB8FC891CA6B889008CD6A2 /* Element.swift in Sources */,
				9B2FE8F31EB28F7C00DEEBA2 /* TextFieldResizeBehavior.swift in Sources */,
				9BF15C391CAC69A500C95041 /* WindowController.swift in Sources */,
				9B1CCDEB1D294E0900F319EB /* NSAttributedStringExtensions.swift in Sources */,
				9BD2BF3B1C7F8B5500E8A303 /* Line.swift in Sources */,
				9B3941A81E56596000F1E957 /* NSResponder-Extensions.swift in Sources */,
				9B3941941E5656FE00F1E957 /* DrawableConcept.swift in Sources */,
				9B3941A41E56591900F1E957 /* CanvasViewController+DocumentObserver.swift in Sources */,
				9B2471901EEB43BB00DC6BF2 /* RectAlignments.swift in Sources */,
				9B3941A21E5658F500F1E957 /* CanvasViewController+CanvasViewDataSource.swift in Sources */,
				9BA63D351D74C47800EBC3AD /* CanvasView.swift in Sources */,
				9B39419A1E5657D200F1E957 /* CanvasViewController+StateManagerDelegate.swift in Sources */,
				9BDDE7391BEF9157000AAD44 /* Concept.swift in Sources */,
				9BA63D321D74C38400EBC3AD /* CanvasViewController.swift in Sources */,
				9BD2BF351C7F8B1200E8A303 /* LineRange.swift in Sources */,
			);
			runOnlyForDeploymentPostprocessing = 0;
		};
		9B2F1DAC1BE7CFE80090CC18 /* Sources */ = {
			isa = PBXSourcesBuildPhase;
			buildActionMask = 2147483647;
			files = (
				9B43B88B1EDC8B5D00879507 /* CanvasViewControllerKeyboardTests.swift in Sources */,
				9B8665C61D96C9E800799678 /* StateManagerTests.swift in Sources */,
				9BE40C211D8DD98B0025F154 /* CanvasViewControllerTests.swift in Sources */,
				9B9A2EA41CF5EE5300607208 /* RectAlignmentsTests.swift in Sources */,
				9BD0BD581D9B0BED0041F7ED /* TestProtocolConformance.swift in Sources */,
				9B33821F1D23D92F00D35086 /* NSAttributedStringExtensionsTest.swift in Sources */,
				9BB8FC831CA6B7D7008CD6A2 /* LinkTests.swift in Sources */,
				9B43B8891EDC88AC00879507 /* CanvasViewControllerMouseTests.swift in Sources */,
				9B8AEF6F1EBBC8B100A58856 /* TextFieldResizeBehaviorTests.swift in Sources */,
			);
			runOnlyForDeploymentPostprocessing = 0;
		};
		9BD850AB1EE4C199005B89C9 /* Sources */ = {
			isa = PBXSourcesBuildPhase;
			buildActionMask = 2147483647;
			files = (
				9BD850CF1EE4C76E005B89C9 /* NSView+Debugging.swift in Sources */,
				9BD850CC1EE4C74F005B89C9 /* CanvasView.swift in Sources */,
				9B4DE0A81F2BD7FC00F95AAF /* ColorUtils.swift in Sources */,
				9BD850DB1EE4C787005B89C9 /* CanvasViewController.swift in Sources */,
				9BD850DC1EE4C787005B89C9 /* StateManager.swift in Sources */,
				9BD850B31EE4C199005B89C9 /* GenerateThumbnailForURL.m in Sources */,
				9BD850D11EE4C76E005B89C9 /* NSRect+PointHelpers.swift in Sources */,
				9BD850C41EE4C73F005B89C9 /* LinkedIdeasDocument.swift in Sources */,
				9BD850CD1EE4C753005B89C9 /* NSEvent-Extensions.swift in Sources */,
				9BD850E31EE4C792005B89C9 /* CanvasViewController+KeyboardEvents.swift in Sources */,
				9BD850B51EE4C199005B89C9 /* GeneratePreviewForURL.m in Sources */,
				9BD850DA1EE4C77E005B89C9 /* WindowController.swift in Sources */,
				9BD850C81EE4C744005B89C9 /* ViewModelProtocols.swift in Sources */,
				9BD850CE1EE4C753005B89C9 /* NSResponder-Extensions.swift in Sources */,
				9BD850C01EE4C739005B89C9 /* Concept.swift in Sources */,
				9BD850DF1EE4C792005B89C9 /* CanvasViewController+LinkCreation.swift in Sources */,
				9BD850C11EE4C739005B89C9 /* Link.swift in Sources */,
				9BD850E11EE4C792005B89C9 /* CanvasViewController+StateManagerDelegate.swift in Sources */,
				9BD850E61EE4C792005B89C9 /* CanvasViewController+DocumentObserver.swift in Sources */,
				9BD850C31EE4C73F005B89C9 /* Element.swift in Sources */,
				9BD850D61EE4C76E005B89C9 /* Interceptable.swift in Sources */,
				9BD850D21EE4C76E005B89C9 /* LineRange.swift in Sources */,
				9BD850DE1EE4C792005B89C9 /* CanvasViewController+DraggingActions.swift in Sources */,
				9BD850E41EE4C792005B89C9 /* CanvasViewController+NSTextFieldDelegate.swift in Sources */,
				9BD850BF1EE4C739005B89C9 /* DocumentData.swift in Sources */,
				9BD850E21EE4C792005B89C9 /* CanvasViewController+TransitionActions.swift in Sources */,
				9BD850D51EE4C76E005B89C9 /* FiniteLine.swift in Sources */,
				9BD850BD1EE4C67E005B89C9 /* DocumentManager.swift in Sources */,
				9BD850E81EE4C792005B89C9 /* CanvasViewController+NSPasteboard.swift in Sources */,
				9BD850D91EE4C76E005B89C9 /* NSAttributedStringExtensions.swift in Sources */,
				9BD850D41EE4C76E005B89C9 /* Line.swift in Sources */,
				9BD850C61EE4C73F005B89C9 /* DocumentObserver.swift in Sources */,
				9BD850C71EE4C744005B89C9 /* TextFieldResizeBehavior.swift in Sources */,
				9BD850E71EE4C792005B89C9 /* CanvasViewController+MenuActions.swift in Sources */,
				9BD850CA1EE4C744005B89C9 /* DrawableConcept.swift in Sources */,
				9BD850B71EE4C199005B89C9 /* main.c in Sources */,
				9BD850C91EE4C744005B89C9 /* DrawableElement.swift in Sources */,
				9BD850D71EE4C76E005B89C9 /* Arrow.swift in Sources */,
				9BD850C51EE4C73F005B89C9 /* SquareElement.swift in Sources */,
				9BD850D31EE4C76E005B89C9 /* PointInterceptable.swift in Sources */,
				9BD850CB1EE4C744005B89C9 /* DrawableLink.swift in Sources */,
				9BD850BE1EE4C733005B89C9 /* Document.swift in Sources */,
				9BD850DD1EE4C787005B89C9 /* DocumentViewController.swift in Sources */,
				9BD850D01EE4C76E005B89C9 /* NSPoint+Utilities.swift in Sources */,
				9BD850C21EE4C739005B89C9 /* AreaManager.swift in Sources */,
				9BD850E51EE4C792005B89C9 /* CanvasViewController+CanvasViewDataSource.swift in Sources */,
				9BD850E01EE4C792005B89C9 /* CanvasViewController+MouseEvents.swift in Sources */,
			);
			runOnlyForDeploymentPostprocessing = 0;
		};
/* End PBXSourcesBuildPhase section */

/* Begin PBXTargetDependency section */
		9B2F1DB21BE7CFE80090CC18 /* PBXTargetDependency */ = {
			isa = PBXTargetDependency;
			target = 9B2F1D9B1BE7CFE70090CC18 /* LinkedIdeas */;
			targetProxy = 9B2F1DB11BE7CFE80090CC18 /* PBXContainerItemProxy */;
		};
		9BD850EE1EE4CDC7005B89C9 /* PBXTargetDependency */ = {
			isa = PBXTargetDependency;
			target = 9BD850AF1EE4C199005B89C9 /* QLLinkedIdeas */;
			targetProxy = 9BD850ED1EE4CDC7005B89C9 /* PBXContainerItemProxy */;
		};
/* End PBXTargetDependency section */

/* Begin PBXVariantGroup section */
		9BA63D2C1D74C23100EBC3AD /* Main.storyboard */ = {
			isa = PBXVariantGroup;
			children = (
				9BA63D2D1D74C23100EBC3AD /* Base */,
			);
			name = Main.storyboard;
			sourceTree = "<group>";
		};
/* End PBXVariantGroup section */

/* Begin XCBuildConfiguration section */
		9B2F1DC21BE7CFE80090CC18 /* Debug */ = {
			isa = XCBuildConfiguration;
			buildSettings = {
				ALWAYS_SEARCH_USER_PATHS = NO;
				CLANG_CXX_LANGUAGE_STANDARD = "gnu++0x";
				CLANG_CXX_LIBRARY = "libc++";
				CLANG_ENABLE_MODULES = YES;
				CLANG_ENABLE_OBJC_ARC = YES;
				CLANG_WARN_BLOCK_CAPTURE_AUTORELEASING = YES;
				CLANG_WARN_BOOL_CONVERSION = YES;
				CLANG_WARN_COMMA = YES;
				CLANG_WARN_CONSTANT_CONVERSION = YES;
				CLANG_WARN_DIRECT_OBJC_ISA_USAGE = YES_ERROR;
				CLANG_WARN_EMPTY_BODY = YES;
				CLANG_WARN_ENUM_CONVERSION = YES;
				CLANG_WARN_INFINITE_RECURSION = YES;
				CLANG_WARN_INT_CONVERSION = YES;
				CLANG_WARN_NON_LITERAL_NULL_CONVERSION = YES;
				CLANG_WARN_OBJC_LITERAL_CONVERSION = YES;
				CLANG_WARN_OBJC_ROOT_CLASS = YES_ERROR;
				CLANG_WARN_RANGE_LOOP_ANALYSIS = YES;
				CLANG_WARN_STRICT_PROTOTYPES = YES;
				CLANG_WARN_SUSPICIOUS_MOVE = YES;
				CLANG_WARN_UNREACHABLE_CODE = YES;
				CLANG_WARN__DUPLICATE_METHOD_MATCH = YES;
				CODE_SIGN_IDENTITY = "-";
				COPY_PHASE_STRIP = NO;
				DEBUG_INFORMATION_FORMAT = dwarf;
				ENABLE_STRICT_OBJC_MSGSEND = YES;
				ENABLE_TESTABILITY = YES;
				GCC_C_LANGUAGE_STANDARD = gnu99;
				GCC_DYNAMIC_NO_PIC = NO;
				GCC_NO_COMMON_BLOCKS = YES;
				GCC_OPTIMIZATION_LEVEL = 0;
				GCC_PREPROCESSOR_DEFINITIONS = (
					"DEBUG=1",
					"$(inherited)",
				);
				GCC_WARN_64_TO_32_BIT_CONVERSION = YES;
				GCC_WARN_ABOUT_RETURN_TYPE = YES_ERROR;
				GCC_WARN_UNDECLARED_SELECTOR = YES;
				GCC_WARN_UNINITIALIZED_AUTOS = YES_AGGRESSIVE;
				GCC_WARN_UNUSED_FUNCTION = YES;
				GCC_WARN_UNUSED_VARIABLE = YES;
				MACOSX_DEPLOYMENT_TARGET = 10.11;
				MTL_ENABLE_DEBUG_INFO = YES;
				ONLY_ACTIVE_ARCH = YES;
				SDKROOT = macosx;
				SWIFT_OPTIMIZATION_LEVEL = "-Onone";
			};
			name = Debug;
		};
		9B2F1DC31BE7CFE80090CC18 /* Release */ = {
			isa = XCBuildConfiguration;
			buildSettings = {
				ALWAYS_SEARCH_USER_PATHS = NO;
				CLANG_CXX_LANGUAGE_STANDARD = "gnu++0x";
				CLANG_CXX_LIBRARY = "libc++";
				CLANG_ENABLE_MODULES = YES;
				CLANG_ENABLE_OBJC_ARC = YES;
				CLANG_WARN_BLOCK_CAPTURE_AUTORELEASING = YES;
				CLANG_WARN_BOOL_CONVERSION = YES;
				CLANG_WARN_COMMA = YES;
				CLANG_WARN_CONSTANT_CONVERSION = YES;
				CLANG_WARN_DIRECT_OBJC_ISA_USAGE = YES_ERROR;
				CLANG_WARN_EMPTY_BODY = YES;
				CLANG_WARN_ENUM_CONVERSION = YES;
				CLANG_WARN_INFINITE_RECURSION = YES;
				CLANG_WARN_INT_CONVERSION = YES;
				CLANG_WARN_NON_LITERAL_NULL_CONVERSION = YES;
				CLANG_WARN_OBJC_LITERAL_CONVERSION = YES;
				CLANG_WARN_OBJC_ROOT_CLASS = YES_ERROR;
				CLANG_WARN_RANGE_LOOP_ANALYSIS = YES;
				CLANG_WARN_STRICT_PROTOTYPES = YES;
				CLANG_WARN_SUSPICIOUS_MOVE = YES;
				CLANG_WARN_UNREACHABLE_CODE = YES;
				CLANG_WARN__DUPLICATE_METHOD_MATCH = YES;
				CODE_SIGN_IDENTITY = "-";
				COPY_PHASE_STRIP = NO;
				DEBUG_INFORMATION_FORMAT = "dwarf-with-dsym";
				ENABLE_NS_ASSERTIONS = NO;
				ENABLE_STRICT_OBJC_MSGSEND = YES;
				GCC_C_LANGUAGE_STANDARD = gnu99;
				GCC_NO_COMMON_BLOCKS = YES;
				GCC_WARN_64_TO_32_BIT_CONVERSION = YES;
				GCC_WARN_ABOUT_RETURN_TYPE = YES_ERROR;
				GCC_WARN_UNDECLARED_SELECTOR = YES;
				GCC_WARN_UNINITIALIZED_AUTOS = YES_AGGRESSIVE;
				GCC_WARN_UNUSED_FUNCTION = YES;
				GCC_WARN_UNUSED_VARIABLE = YES;
				MACOSX_DEPLOYMENT_TARGET = 10.11;
				MTL_ENABLE_DEBUG_INFO = NO;
				SDKROOT = macosx;
				SWIFT_OPTIMIZATION_LEVEL = "-Owholemodule";
			};
			name = Release;
		};
		9B2F1DC51BE7CFE80090CC18 /* Debug */ = {
			isa = XCBuildConfiguration;
			buildSettings = {
				ASSETCATALOG_COMPILER_APPICON_NAME = AppIcon;
				CODE_SIGN_ENTITLEMENTS = LinkedIdeas/LinkedIdeas.entitlements;
				CODE_SIGN_IDENTITY = "Mac Developer";
				CODE_SIGN_STYLE = Automatic;
				COMBINE_HIDPI_IMAGES = YES;
				DEVELOPMENT_TEAM = 4E6CZX3H5W;
				INFOPLIST_FILE = LinkedIdeas/Info.plist;
				LD_RUNPATH_SEARCH_PATHS = "$(inherited) @executable_path/../Frameworks";
				PRODUCT_BUNDLE_IDENTIFIER = com.fespinozacast.LinkedIdeas;
				PRODUCT_NAME = "$(TARGET_NAME)";
				PROVISIONING_PROFILE_SPECIFIER = "";
				SWIFT_SWIFT3_OBJC_INFERENCE = Off;
				SWIFT_VERSION = 4.0;
			};
			name = Debug;
		};
		9B2F1DC61BE7CFE80090CC18 /* Release */ = {
			isa = XCBuildConfiguration;
			buildSettings = {
				ASSETCATALOG_COMPILER_APPICON_NAME = AppIcon;
				CODE_SIGN_ENTITLEMENTS = LinkedIdeas/LinkedIdeas.entitlements;
				CODE_SIGN_IDENTITY = "Mac Developer";
				CODE_SIGN_STYLE = Automatic;
				COMBINE_HIDPI_IMAGES = YES;
				DEVELOPMENT_TEAM = 4E6CZX3H5W;
				INFOPLIST_FILE = LinkedIdeas/Info.plist;
				LD_RUNPATH_SEARCH_PATHS = "$(inherited) @executable_path/../Frameworks";
				PRODUCT_BUNDLE_IDENTIFIER = com.fespinozacast.LinkedIdeas;
				PRODUCT_NAME = "$(TARGET_NAME)";
				PROVISIONING_PROFILE_SPECIFIER = "";
				SWIFT_OPTIMIZATION_LEVEL = "-Owholemodule";
				SWIFT_SWIFT3_OBJC_INFERENCE = Off;
				SWIFT_VERSION = 4.0;
			};
			name = Release;
		};
		9B2F1DC81BE7CFE80090CC18 /* Debug */ = {
			isa = XCBuildConfiguration;
			buildSettings = {
				BUNDLE_LOADER = "$(TEST_HOST)";
				CLANG_ENABLE_MODULES = YES;
				COMBINE_HIDPI_IMAGES = YES;
				INFOPLIST_FILE = LinkedIdeasTests/Info.plist;
				LD_RUNPATH_SEARCH_PATHS = "$(inherited) @executable_path/../Frameworks @loader_path/../Frameworks";
				PRODUCT_BUNDLE_IDENTIFIER = com.fespinozacast.LinkedIdeasTests;
				PRODUCT_NAME = "$(TARGET_NAME)";
				SWIFT_OPTIMIZATION_LEVEL = "-Onone";
				SWIFT_SWIFT3_OBJC_INFERENCE = Off;
				SWIFT_VERSION = 4.0;
				TEST_HOST = "$(BUILT_PRODUCTS_DIR)/LinkedIdeas.app/Contents/MacOS/LinkedIdeas";
			};
			name = Debug;
		};
		9B2F1DC91BE7CFE80090CC18 /* Release */ = {
			isa = XCBuildConfiguration;
			buildSettings = {
				BUNDLE_LOADER = "$(TEST_HOST)";
				CLANG_ENABLE_MODULES = YES;
				COMBINE_HIDPI_IMAGES = YES;
				INFOPLIST_FILE = LinkedIdeasTests/Info.plist;
				LD_RUNPATH_SEARCH_PATHS = "$(inherited) @executable_path/../Frameworks @loader_path/../Frameworks";
				PRODUCT_BUNDLE_IDENTIFIER = com.fespinozacast.LinkedIdeasTests;
				PRODUCT_NAME = "$(TARGET_NAME)";
				SWIFT_OPTIMIZATION_LEVEL = "-Owholemodule";
				SWIFT_SWIFT3_OBJC_INFERENCE = Off;
				SWIFT_VERSION = 4.0;
				TEST_HOST = "$(BUILT_PRODUCTS_DIR)/LinkedIdeas.app/Contents/MacOS/LinkedIdeas";
			};
			name = Release;
		};
		9BD850B91EE4C199005B89C9 /* Debug */ = {
			isa = XCBuildConfiguration;
			buildSettings = {
				ALWAYS_EMBED_SWIFT_STANDARD_LIBRARIES = YES;
				CLANG_ANALYZER_NONNULL = YES;
				CLANG_ENABLE_MODULES = YES;
				CLANG_WARN_DOCUMENTATION_COMMENTS = YES;
				COMBINE_HIDPI_IMAGES = YES;
				DEVELOPMENT_TEAM = 2Z7R9FQBNN;
				INFOPLIST_FILE = QLLinkedIdeas/Info.plist;
				INSTALL_PATH = /Library/QuickLook;
				LD_RUNPATH_SEARCH_PATHS = "$(inherited) @executable_path/../Frameworks @loader_path/../Frameworks";
				MACOSX_DEPLOYMENT_TARGET = 10.12;
				PRODUCT_BUNDLE_IDENTIFIER = com.fespinozacast.QLLinkedIdeas;
				PRODUCT_NAME = "$(TARGET_NAME)";
				SKIP_INSTALL = YES;
				SWIFT_OPTIMIZATION_LEVEL = "-Onone";
				SWIFT_SWIFT3_OBJC_INFERENCE = Off;
				SWIFT_VERSION = 4.0;
				WRAPPER_EXTENSION = qlgenerator;
			};
			name = Debug;
		};
		9BD850BA1EE4C199005B89C9 /* Release */ = {
			isa = XCBuildConfiguration;
			buildSettings = {
				ALWAYS_EMBED_SWIFT_STANDARD_LIBRARIES = YES;
				CLANG_ANALYZER_NONNULL = YES;
				CLANG_ENABLE_MODULES = YES;
				CLANG_WARN_DOCUMENTATION_COMMENTS = YES;
				COMBINE_HIDPI_IMAGES = YES;
				DEVELOPMENT_TEAM = 2Z7R9FQBNN;
				INFOPLIST_FILE = QLLinkedIdeas/Info.plist;
				INSTALL_PATH = /Library/QuickLook;
				LD_RUNPATH_SEARCH_PATHS = "$(inherited) @executable_path/../Frameworks @loader_path/../Frameworks";
				MACOSX_DEPLOYMENT_TARGET = 10.12;
				PRODUCT_BUNDLE_IDENTIFIER = com.fespinozacast.QLLinkedIdeas;
				PRODUCT_NAME = "$(TARGET_NAME)";
				SKIP_INSTALL = YES;
				SWIFT_SWIFT3_OBJC_INFERENCE = Off;
				SWIFT_VERSION = 4.0;
				WRAPPER_EXTENSION = qlgenerator;
			};
			name = Release;
		};
/* End XCBuildConfiguration section */

/* Begin XCConfigurationList section */
		9B2F1D971BE7CFE70090CC18 /* Build configuration list for PBXProject "LinkedIdeas" */ = {
			isa = XCConfigurationList;
			buildConfigurations = (
				9B2F1DC21BE7CFE80090CC18 /* Debug */,
				9B2F1DC31BE7CFE80090CC18 /* Release */,
			);
			defaultConfigurationIsVisible = 0;
			defaultConfigurationName = Release;
		};
		9B2F1DC41BE7CFE80090CC18 /* Build configuration list for PBXNativeTarget "LinkedIdeas" */ = {
			isa = XCConfigurationList;
			buildConfigurations = (
				9B2F1DC51BE7CFE80090CC18 /* Debug */,
				9B2F1DC61BE7CFE80090CC18 /* Release */,
			);
			defaultConfigurationIsVisible = 0;
			defaultConfigurationName = Release;
		};
		9B2F1DC71BE7CFE80090CC18 /* Build configuration list for PBXNativeTarget "LinkedIdeasTests" */ = {
			isa = XCConfigurationList;
			buildConfigurations = (
				9B2F1DC81BE7CFE80090CC18 /* Debug */,
				9B2F1DC91BE7CFE80090CC18 /* Release */,
			);
			defaultConfigurationIsVisible = 0;
			defaultConfigurationName = Release;
		};
		9BD850BB1EE4C199005B89C9 /* Build configuration list for PBXNativeTarget "QLLinkedIdeas" */ = {
			isa = XCConfigurationList;
			buildConfigurations = (
				9BD850B91EE4C199005B89C9 /* Debug */,
				9BD850BA1EE4C199005B89C9 /* Release */,
			);
			defaultConfigurationIsVisible = 0;
			defaultConfigurationName = Release;
		};
/* End XCConfigurationList section */
	};
	rootObject = 9B2F1D941BE7CFE70090CC18 /* Project object */;
}
